// !$*UTF8*$!
{
	archiveVersion = 1;
	classes = {
	};
	objectVersion = 56;
	objects = {

/* Begin PBXBuildFile section */
		992953172A6C17D300AB8AF3 /* sand_talkApp.swift in Sources */ = {isa = PBXBuildFile; fileRef = 992953162A6C17D300AB8AF3 /* sand_talkApp.swift */; };
		992953192A6C17D300AB8AF3 /* ContentView.swift in Sources */ = {isa = PBXBuildFile; fileRef = 992953182A6C17D300AB8AF3 /* ContentView.swift */; };
		9929531B2A6C17D400AB8AF3 /* Assets.xcassets in Resources */ = {isa = PBXBuildFile; fileRef = 9929531A2A6C17D400AB8AF3 /* Assets.xcassets */; };
		9929531F2A6C17D400AB8AF3 /* Preview Assets.xcassets in Resources */ = {isa = PBXBuildFile; fileRef = 9929531E2A6C17D400AB8AF3 /* Preview Assets.xcassets */; };
		992953292A6C17D400AB8AF3 /* sand_talkTests.swift in Sources */ = {isa = PBXBuildFile; fileRef = 992953282A6C17D400AB8AF3 /* sand_talkTests.swift */; };
		992953332A6C17D400AB8AF3 /* sand_talkUITests.swift in Sources */ = {isa = PBXBuildFile; fileRef = 992953322A6C17D400AB8AF3 /* sand_talkUITests.swift */; };
		992953352A6C17D400AB8AF3 /* sand_talkUITestsLaunchTests.swift in Sources */ = {isa = PBXBuildFile; fileRef = 992953342A6C17D400AB8AF3 /* sand_talkUITestsLaunchTests.swift */; };
/* End PBXBuildFile section */

/* Begin PBXContainerItemProxy section */
		992953252A6C17D400AB8AF3 /* PBXContainerItemProxy */ = {
			isa = PBXContainerItemProxy;
			containerPortal = 9929530B2A6C17D200AB8AF3 /* Project object */;
			proxyType = 1;
			remoteGlobalIDString = 992953122A6C17D200AB8AF3;
			remoteInfo = sand_talk;
		};
		9929532F2A6C17D400AB8AF3 /* PBXContainerItemProxy */ = {
			isa = PBXContainerItemProxy;
			containerPortal = 9929530B2A6C17D200AB8AF3 /* Project object */;
			proxyType = 1;
			remoteGlobalIDString = 992953122A6C17D200AB8AF3;
			remoteInfo = sand_talk;
		};
/* End PBXContainerItemProxy section */

/* Begin PBXFileReference section */
		992953132A6C17D200AB8AF3 /* sand_talk.app */ = {isa = PBXFileReference; explicitFileType = wrapper.application; includeInIndex = 0; path = sand_talk.app; sourceTree = BUILT_PRODUCTS_DIR; };
		992953162A6C17D300AB8AF3 /* sand_talkApp.swift */ = {isa = PBXFileReference; lastKnownFileType = sourcecode.swift; path = sand_talkApp.swift; sourceTree = "<group>"; };
		992953182A6C17D300AB8AF3 /* ContentView.swift */ = {isa = PBXFileReference; lastKnownFileType = sourcecode.swift; path = ContentView.swift; sourceTree = "<group>"; };
		9929531A2A6C17D400AB8AF3 /* Assets.xcassets */ = {isa = PBXFileReference; lastKnownFileType = folder.assetcatalog; path = Assets.xcassets; sourceTree = "<group>"; };
		9929531C2A6C17D400AB8AF3 /* sand_talk.entitlements */ = {isa = PBXFileReference; lastKnownFileType = text.plist.entitlements; path = sand_talk.entitlements; sourceTree = "<group>"; };
		9929531E2A6C17D400AB8AF3 /* Preview Assets.xcassets */ = {isa = PBXFileReference; lastKnownFileType = folder.assetcatalog; path = "Preview Assets.xcassets"; sourceTree = "<group>"; };
		992953242A6C17D400AB8AF3 /* sand_talkTests.xctest */ = {isa = PBXFileReference; explicitFileType = wrapper.cfbundle; includeInIndex = 0; path = sand_talkTests.xctest; sourceTree = BUILT_PRODUCTS_DIR; };
		992953282A6C17D400AB8AF3 /* sand_talkTests.swift */ = {isa = PBXFileReference; lastKnownFileType = sourcecode.swift; path = sand_talkTests.swift; sourceTree = "<group>"; };
		9929532E2A6C17D400AB8AF3 /* sand_talkUITests.xctest */ = {isa = PBXFileReference; explicitFileType = wrapper.cfbundle; includeInIndex = 0; path = sand_talkUITests.xctest; sourceTree = BUILT_PRODUCTS_DIR; };
		992953322A6C17D400AB8AF3 /* sand_talkUITests.swift */ = {isa = PBXFileReference; lastKnownFileType = sourcecode.swift; path = sand_talkUITests.swift; sourceTree = "<group>"; };
		992953342A6C17D400AB8AF3 /* sand_talkUITestsLaunchTests.swift */ = {isa = PBXFileReference; lastKnownFileType = sourcecode.swift; path = sand_talkUITestsLaunchTests.swift; sourceTree = "<group>"; };
/* End PBXFileReference section */

/* Begin PBXFrameworksBuildPhase section */
		992953102A6C17D200AB8AF3 /* Frameworks */ = {
			isa = PBXFrameworksBuildPhase;
			buildActionMask = 2147483647;
			files = (
			);
			runOnlyForDeploymentPostprocessing = 0;
		};
		992953212A6C17D400AB8AF3 /* Frameworks */ = {
			isa = PBXFrameworksBuildPhase;
			buildActionMask = 2147483647;
			files = (
			);
			runOnlyForDeploymentPostprocessing = 0;
		};
		9929532B2A6C17D400AB8AF3 /* Frameworks */ = {
			isa = PBXFrameworksBuildPhase;
			buildActionMask = 2147483647;
			files = (
			);
			runOnlyForDeploymentPostprocessing = 0;
		};
/* End PBXFrameworksBuildPhase section */

/* Begin PBXGroup section */
		9929530A2A6C17D200AB8AF3 = {
			isa = PBXGroup;
			children = (
				992953152A6C17D200AB8AF3 /* sand_talk */,
				992953272A6C17D400AB8AF3 /* sand_talkTests */,
				992953312A6C17D400AB8AF3 /* sand_talkUITests */,
				992953142A6C17D200AB8AF3 /* Products */,
			);
			sourceTree = "<group>";
		};
		992953142A6C17D200AB8AF3 /* Products */ = {
			isa = PBXGroup;
			children = (
				992953132A6C17D200AB8AF3 /* sand_talk.app */,
				992953242A6C17D400AB8AF3 /* sand_talkTests.xctest */,
				9929532E2A6C17D400AB8AF3 /* sand_talkUITests.xctest */,
			);
			name = Products;
			sourceTree = "<group>";
		};
		992953152A6C17D200AB8AF3 /* sand_talk */ = {
			isa = PBXGroup;
			children = (
				992953162A6C17D300AB8AF3 /* sand_talkApp.swift */,
				992953182A6C17D300AB8AF3 /* ContentView.swift */,
				9929531A2A6C17D400AB8AF3 /* Assets.xcassets */,
				9929531C2A6C17D400AB8AF3 /* sand_talk.entitlements */,
				9929531D2A6C17D400AB8AF3 /* Preview Content */,
			);
			path = sand_talk;
			sourceTree = "<group>";
		};
		9929531D2A6C17D400AB8AF3 /* Preview Content */ = {
			isa = PBXGroup;
			children = (
				9929531E2A6C17D400AB8AF3 /* Preview Assets.xcassets */,
			);
			path = "Preview Content";
			sourceTree = "<group>";
		};
		992953272A6C17D400AB8AF3 /* sand_talkTests */ = {
			isa = PBXGroup;
			children = (
				992953282A6C17D400AB8AF3 /* sand_talkTests.swift */,
			);
			path = sand_talkTests;
			sourceTree = "<group>";
		};
		992953312A6C17D400AB8AF3 /* sand_talkUITests */ = {
			isa = PBXGroup;
			children = (
				992953322A6C17D400AB8AF3 /* sand_talkUITests.swift */,
				992953342A6C17D400AB8AF3 /* sand_talkUITestsLaunchTests.swift */,
			);
			path = sand_talkUITests;
			sourceTree = "<group>";
		};
/* End PBXGroup section */

/* Begin PBXNativeTarget section */
		992953122A6C17D200AB8AF3 /* sand_talk */ = {
			isa = PBXNativeTarget;
			buildConfigurationList = 992953382A6C17D400AB8AF3 /* Build configuration list for PBXNativeTarget "sand_talk" */;
			buildPhases = (
				9929530F2A6C17D200AB8AF3 /* Sources */,
				992953102A6C17D200AB8AF3 /* Frameworks */,
				992953112A6C17D200AB8AF3 /* Resources */,
			);
			buildRules = (
			);
			dependencies = (
			);
			name = sand_talk;
			productName = sand_talk;
			productReference = 992953132A6C17D200AB8AF3 /* sand_talk.app */;
			productType = "com.apple.product-type.application";
		};
		992953232A6C17D400AB8AF3 /* sand_talkTests */ = {
			isa = PBXNativeTarget;
			buildConfigurationList = 9929533B2A6C17D400AB8AF3 /* Build configuration list for PBXNativeTarget "sand_talkTests" */;
			buildPhases = (
				992953202A6C17D400AB8AF3 /* Sources */,
				992953212A6C17D400AB8AF3 /* Frameworks */,
				992953222A6C17D400AB8AF3 /* Resources */,
			);
			buildRules = (
			);
			dependencies = (
				992953262A6C17D400AB8AF3 /* PBXTargetDependency */,
			);
			name = sand_talkTests;
			productName = sand_talkTests;
			productReference = 992953242A6C17D400AB8AF3 /* sand_talkTests.xctest */;
			productType = "com.apple.product-type.bundle.unit-test";
		};
		9929532D2A6C17D400AB8AF3 /* sand_talkUITests */ = {
			isa = PBXNativeTarget;
			buildConfigurationList = 9929533E2A6C17D400AB8AF3 /* Build configuration list for PBXNativeTarget "sand_talkUITests" */;
			buildPhases = (
				9929532A2A6C17D400AB8AF3 /* Sources */,
				9929532B2A6C17D400AB8AF3 /* Frameworks */,
				9929532C2A6C17D400AB8AF3 /* Resources */,
			);
			buildRules = (
			);
			dependencies = (
				992953302A6C17D400AB8AF3 /* PBXTargetDependency */,
			);
			name = sand_talkUITests;
			productName = sand_talkUITests;
			productReference = 9929532E2A6C17D400AB8AF3 /* sand_talkUITests.xctest */;
			productType = "com.apple.product-type.bundle.ui-testing";
		};
/* End PBXNativeTarget section */

/* Begin PBXProject section */
		9929530B2A6C17D200AB8AF3 /* Project object */ = {
			isa = PBXProject;
			attributes = {
				BuildIndependentTargetsInParallel = 1;
				LastSwiftUpdateCheck = 1430;
				LastUpgradeCheck = 1430;
				TargetAttributes = {
					992953122A6C17D200AB8AF3 = {
						CreatedOnToolsVersion = 14.3.1;
					};
					992953232A6C17D400AB8AF3 = {
						CreatedOnToolsVersion = 14.3.1;
						TestTargetID = 992953122A6C17D200AB8AF3;
					};
					9929532D2A6C17D400AB8AF3 = {
						CreatedOnToolsVersion = 14.3.1;
						TestTargetID = 992953122A6C17D200AB8AF3;
					};
				};
			};
			buildConfigurationList = 9929530E2A6C17D200AB8AF3 /* Build configuration list for PBXProject "sand_talk" */;
			compatibilityVersion = "Xcode 14.0";
			developmentRegion = en;
			hasScannedForEncodings = 0;
			knownRegions = (
				en,
				Base,
			);
			mainGroup = 9929530A2A6C17D200AB8AF3;
			productRefGroup = 992953142A6C17D200AB8AF3 /* Products */;
			projectDirPath = "";
			projectRoot = "";
			targets = (
				992953122A6C17D200AB8AF3 /* sand_talk */,
				992953232A6C17D400AB8AF3 /* sand_talkTests */,
				9929532D2A6C17D400AB8AF3 /* sand_talkUITests */,
			);
		};
/* End PBXProject section */

/* Begin PBXResourcesBuildPhase section */
		992953112A6C17D200AB8AF3 /* Resources */ = {
			isa = PBXResourcesBuildPhase;
			buildActionMask = 2147483647;
			files = (
				9929531F2A6C17D400AB8AF3 /* Preview Assets.xcassets in Resources */,
				9929531B2A6C17D400AB8AF3 /* Assets.xcassets in Resources */,
			);
			runOnlyForDeploymentPostprocessing = 0;
		};
		992953222A6C17D400AB8AF3 /* Resources */ = {
			isa = PBXResourcesBuildPhase;
			buildActionMask = 2147483647;
			files = (
			);
			runOnlyForDeploymentPostprocessing = 0;
		};
		9929532C2A6C17D400AB8AF3 /* Resources */ = {
			isa = PBXResourcesBuildPhase;
			buildActionMask = 2147483647;
			files = (
			);
			runOnlyForDeploymentPostprocessing = 0;
		};
/* End PBXResourcesBuildPhase section */

/* Begin PBXSourcesBuildPhase section */
		9929530F2A6C17D200AB8AF3 /* Sources */ = {
			isa = PBXSourcesBuildPhase;
			buildActionMask = 2147483647;
			files = (
				992953192A6C17D300AB8AF3 /* ContentView.swift in Sources */,
				992953172A6C17D300AB8AF3 /* sand_talkApp.swift in Sources */,
			);
			runOnlyForDeploymentPostprocessing = 0;
		};
		992953202A6C17D400AB8AF3 /* Sources */ = {
			isa = PBXSourcesBuildPhase;
			buildActionMask = 2147483647;
			files = (
				992953292A6C17D400AB8AF3 /* sand_talkTests.swift in Sources */,
			);
			runOnlyForDeploymentPostprocessing = 0;
		};
		9929532A2A6C17D400AB8AF3 /* Sources */ = {
			isa = PBXSourcesBuildPhase;
			buildActionMask = 2147483647;
			files = (
				992953352A6C17D400AB8AF3 /* sand_talkUITestsLaunchTests.swift in Sources */,
				992953332A6C17D400AB8AF3 /* sand_talkUITests.swift in Sources */,
			);
			runOnlyForDeploymentPostprocessing = 0;
		};
/* End PBXSourcesBuildPhase section */

/* Begin PBXTargetDependency section */
		992953262A6C17D400AB8AF3 /* PBXTargetDependency */ = {
			isa = PBXTargetDependency;
			target = 992953122A6C17D200AB8AF3 /* sand_talk */;
			targetProxy = 992953252A6C17D400AB8AF3 /* PBXContainerItemProxy */;
		};
		992953302A6C17D400AB8AF3 /* PBXTargetDependency */ = {
			isa = PBXTargetDependency;
			target = 992953122A6C17D200AB8AF3 /* sand_talk */;
			targetProxy = 9929532F2A6C17D400AB8AF3 /* PBXContainerItemProxy */;
		};
/* End PBXTargetDependency section */

/* Begin XCBuildConfiguration section */
		992953362A6C17D400AB8AF3 /* Debug */ = {
			isa = XCBuildConfiguration;
			buildSettings = {
				ALWAYS_SEARCH_USER_PATHS = NO;
				CLANG_ANALYZER_NONNULL = YES;
				CLANG_ANALYZER_NUMBER_OBJECT_CONVERSION = YES_AGGRESSIVE;
				CLANG_CXX_LANGUAGE_STANDARD = "gnu++20";
				CLANG_ENABLE_MODULES = YES;
				CLANG_ENABLE_OBJC_ARC = YES;
				CLANG_ENABLE_OBJC_WEAK = YES;
				CLANG_WARN_BLOCK_CAPTURE_AUTORELEASING = YES;
				CLANG_WARN_BOOL_CONVERSION = YES;
				CLANG_WARN_COMMA = YES;
				CLANG_WARN_CONSTANT_CONVERSION = YES;
				CLANG_WARN_DEPRECATED_OBJC_IMPLEMENTATIONS = YES;
				CLANG_WARN_DIRECT_OBJC_ISA_USAGE = YES_ERROR;
				CLANG_WARN_DOCUMENTATION_COMMENTS = YES;
				CLANG_WARN_EMPTY_BODY = YES;
				CLANG_WARN_ENUM_CONVERSION = YES;
				CLANG_WARN_INFINITE_RECURSION = YES;
				CLANG_WARN_INT_CONVERSION = YES;
				CLANG_WARN_NON_LITERAL_NULL_CONVERSION = YES;
				CLANG_WARN_OBJC_IMPLICIT_RETAIN_SELF = YES;
				CLANG_WARN_OBJC_LITERAL_CONVERSION = YES;
				CLANG_WARN_OBJC_ROOT_CLASS = YES_ERROR;
				CLANG_WARN_QUOTED_INCLUDE_IN_FRAMEWORK_HEADER = YES;
				CLANG_WARN_RANGE_LOOP_ANALYSIS = YES;
				CLANG_WARN_STRICT_PROTOTYPES = YES;
				CLANG_WARN_SUSPICIOUS_MOVE = YES;
				CLANG_WARN_UNGUARDED_AVAILABILITY = YES_AGGRESSIVE;
				CLANG_WARN_UNREACHABLE_CODE = YES;
				CLANG_WARN__DUPLICATE_METHOD_MATCH = YES;
				COPY_PHASE_STRIP = NO;
				DEBUG_INFORMATION_FORMAT = dwarf;
				ENABLE_STRICT_OBJC_MSGSEND = YES;
				ENABLE_TESTABILITY = YES;
				GCC_C_LANGUAGE_STANDARD = gnu11;
				GCC_DYNAMIC_NO_PIC = NO;
				GCC_NO_COMMON_BLOCKS = YES;
				GCC_OPTIMIZATION_LEVEL = 0;
				GCC_PREPROCESSOR_DEFINITIONS = (
					"DEBUG=1",
					"$(inherited)",
				);
				GCC_WARN_64_TO_32_BIT_CONVERSION = YES;
				GCC_WARN_ABOUT_RETURN_TYPE = YES_ERROR;
				GCC_WARN_UNDECLARED_SELECTOR = YES;
				GCC_WARN_UNINITIALIZED_AUTOS = YES_AGGRESSIVE;
				GCC_WARN_UNUSED_FUNCTION = YES;
				GCC_WARN_UNUSED_VARIABLE = YES;
				MTL_ENABLE_DEBUG_INFO = INCLUDE_SOURCE;
				MTL_FAST_MATH = YES;
				ONLY_ACTIVE_ARCH = YES;
				SWIFT_ACTIVE_COMPILATION_CONDITIONS = DEBUG;
				SWIFT_OPTIMIZATION_LEVEL = "-Onone";
			};
			name = Debug;
		};
		992953372A6C17D400AB8AF3 /* Release */ = {
			isa = XCBuildConfiguration;
			buildSettings = {
				ALWAYS_SEARCH_USER_PATHS = NO;
				CLANG_ANALYZER_NONNULL = YES;
				CLANG_ANALYZER_NUMBER_OBJECT_CONVERSION = YES_AGGRESSIVE;
				CLANG_CXX_LANGUAGE_STANDARD = "gnu++20";
				CLANG_ENABLE_MODULES = YES;
				CLANG_ENABLE_OBJC_ARC = YES;
				CLANG_ENABLE_OBJC_WEAK = YES;
				CLANG_WARN_BLOCK_CAPTURE_AUTORELEASING = YES;
				CLANG_WARN_BOOL_CONVERSION = YES;
				CLANG_WARN_COMMA = YES;
				CLANG_WARN_CONSTANT_CONVERSION = YES;
				CLANG_WARN_DEPRECATED_OBJC_IMPLEMENTATIONS = YES;
				CLANG_WARN_DIRECT_OBJC_ISA_USAGE = YES_ERROR;
				CLANG_WARN_DOCUMENTATION_COMMENTS = YES;
				CLANG_WARN_EMPTY_BODY = YES;
				CLANG_WARN_ENUM_CONVERSION = YES;
				CLANG_WARN_INFINITE_RECURSION = YES;
				CLANG_WARN_INT_CONVERSION = YES;
				CLANG_WARN_NON_LITERAL_NULL_CONVERSION = YES;
				CLANG_WARN_OBJC_IMPLICIT_RETAIN_SELF = YES;
				CLANG_WARN_OBJC_LITERAL_CONVERSION = YES;
				CLANG_WARN_OBJC_ROOT_CLASS = YES_ERROR;
				CLANG_WARN_QUOTED_INCLUDE_IN_FRAMEWORK_HEADER = YES;
				CLANG_WARN_RANGE_LOOP_ANALYSIS = YES;
				CLANG_WARN_STRICT_PROTOTYPES = YES;
				CLANG_WARN_SUSPICIOUS_MOVE = YES;
				CLANG_WARN_UNGUARDED_AVAILABILITY = YES_AGGRESSIVE;
				CLANG_WARN_UNREACHABLE_CODE = YES;
				CLANG_WARN__DUPLICATE_METHOD_MATCH = YES;
				COPY_PHASE_STRIP = NO;
				DEBUG_INFORMATION_FORMAT = "dwarf-with-dsym";
				ENABLE_NS_ASSERTIONS = NO;
				ENABLE_STRICT_OBJC_MSGSEND = YES;
				GCC_C_LANGUAGE_STANDARD = gnu11;
				GCC_NO_COMMON_BLOCKS = YES;
				GCC_WARN_64_TO_32_BIT_CONVERSION = YES;
				GCC_WARN_ABOUT_RETURN_TYPE = YES_ERROR;
				GCC_WARN_UNDECLARED_SELECTOR = YES;
				GCC_WARN_UNINITIALIZED_AUTOS = YES_AGGRESSIVE;
				GCC_WARN_UNUSED_FUNCTION = YES;
				GCC_WARN_UNUSED_VARIABLE = YES;
				MTL_ENABLE_DEBUG_INFO = NO;
				MTL_FAST_MATH = YES;
				SWIFT_COMPILATION_MODE = wholemodule;
				SWIFT_OPTIMIZATION_LEVEL = "-O";
			};
			name = Release;
		};
		992953392A6C17D400AB8AF3 /* Debug */ = {
			isa = XCBuildConfiguration;
			buildSettings = {
				ASSETCATALOG_COMPILER_APPICON_NAME = AppIcon;
				ASSETCATALOG_COMPILER_GLOBAL_ACCENT_COLOR_NAME = AccentColor;
				CODE_SIGN_ENTITLEMENTS = sand_talk/sand_talk.entitlements;
				CODE_SIGN_STYLE = Automatic;
				CURRENT_PROJECT_VERSION = 1;
				DEVELOPMENT_ASSET_PATHS = "\"sand_talk/Preview Content\"";
				ENABLE_PREVIEWS = YES;
				GENERATE_INFOPLIST_FILE = YES;
				"INFOPLIST_KEY_UIApplicationSceneManifest_Generation[sdk=iphoneos*]" = YES;
				"INFOPLIST_KEY_UIApplicationSceneManifest_Generation[sdk=iphonesimulator*]" = YES;
				"INFOPLIST_KEY_UIApplicationSupportsIndirectInputEvents[sdk=iphoneos*]" = YES;
				"INFOPLIST_KEY_UIApplicationSupportsIndirectInputEvents[sdk=iphonesimulator*]" = YES;
				"INFOPLIST_KEY_UILaunchScreen_Generation[sdk=iphoneos*]" = YES;
				"INFOPLIST_KEY_UILaunchScreen_Generation[sdk=iphonesimulator*]" = YES;
				"INFOPLIST_KEY_UIStatusBarStyle[sdk=iphoneos*]" = UIStatusBarStyleDefault;
				"INFOPLIST_KEY_UIStatusBarStyle[sdk=iphonesimulator*]" = UIStatusBarStyleDefault;
				INFOPLIST_KEY_UISupportedInterfaceOrientations_iPad = "UIInterfaceOrientationPortrait UIInterfaceOrientationPortraitUpsideDown UIInterfaceOrientationLandscapeLeft UIInterfaceOrientationLandscapeRight";
				INFOPLIST_KEY_UISupportedInterfaceOrientations_iPhone = "UIInterfaceOrientationPortrait UIInterfaceOrientationLandscapeLeft UIInterfaceOrientationLandscapeRight";
				IPHONEOS_DEPLOYMENT_TARGET = 16.4;
				LD_RUNPATH_SEARCH_PATHS = "@executable_path/Frameworks";
				"LD_RUNPATH_SEARCH_PATHS[sdk=macosx*]" = "@executable_path/../Frameworks";
				MACOSX_DEPLOYMENT_TARGET = 13.3;
				MARKETING_VERSION = 1.0;
				PRODUCT_BUNDLE_IDENTIFIER = "cdreetz.sand-talk";
				PRODUCT_NAME = "$(TARGET_NAME)";
				SDKROOT = auto;
				SUPPORTED_PLATFORMS = "iphoneos iphonesimulator macosx";
				SWIFT_EMIT_LOC_STRINGS = YES;
				SWIFT_VERSION = 5.0;
				TARGETED_DEVICE_FAMILY = "1,2";
			};
			name = Debug;
		};
		9929533A2A6C17D400AB8AF3 /* Release */ = {
			isa = XCBuildConfiguration;
			buildSettings = {
				ASSETCATALOG_COMPILER_APPICON_NAME = AppIcon;
				ASSETCATALOG_COMPILER_GLOBAL_ACCENT_COLOR_NAME = AccentColor;
				CODE_SIGN_ENTITLEMENTS = sand_talk/sand_talk.entitlements;
				CODE_SIGN_STYLE = Automatic;
				CURRENT_PROJECT_VERSION = 1;
				DEVELOPMENT_ASSET_PATHS = "\"sand_talk/Preview Content\"";
				ENABLE_PREVIEWS = YES;
				GENERATE_INFOPLIST_FILE = YES;
				"INFOPLIST_KEY_UIApplicationSceneManifest_Generation[sdk=iphoneos*]" = YES;
				"INFOPLIST_KEY_UIApplicationSceneManifest_Generation[sdk=iphonesimulator*]" = YES;
				"INFOPLIST_KEY_UIApplicationSupportsIndirectInputEvents[sdk=iphoneos*]" = YES;
				"INFOPLIST_KEY_UIApplicationSupportsIndirectInputEvents[sdk=iphonesimulator*]" = YES;
				"INFOPLIST_KEY_UILaunchScreen_Generation[sdk=iphoneos*]" = YES;
				"INFOPLIST_KEY_UILaunchScreen_Generation[sdk=iphonesimulator*]" = YES;
				"INFOPLIST_KEY_UIStatusBarStyle[sdk=iphoneos*]" = UIStatusBarStyleDefault;
				"INFOPLIST_KEY_UIStatusBarStyle[sdk=iphonesimulator*]" = UIStatusBarStyleDefault;
				INFOPLIST_KEY_UISupportedInterfaceOrientations_iPad = "UIInterfaceOrientationPortrait UIInterfaceOrientationPortraitUpsideDown UIInterfaceOrientationLandscapeLeft UIInterfaceOrientationLandscapeRight";
				INFOPLIST_KEY_UISupportedInterfaceOrientations_iPhone = "UIInterfaceOrientationPortrait UIInterfaceOrientationLandscapeLeft UIInterfaceOrientationLandscapeRight";
				IPHONEOS_DEPLOYMENT_TARGET = 16.4;
				LD_RUNPATH_SEARCH_PATHS = "@executable_path/Frameworks";
				"LD_RUNPATH_SEARCH_PATHS[sdk=macosx*]" = "@executable_path/../Frameworks";
				MACOSX_DEPLOYMENT_TARGET = 13.3;
				MARKETING_VERSION = 1.0;
				PRODUCT_BUNDLE_IDENTIFIER = "cdreetz.sand-talk";
				PRODUCT_NAME = "$(TARGET_NAME)";
				SDKROOT = auto;
				SUPPORTED_PLATFORMS = "iphoneos iphonesimulator macosx";
				SWIFT_EMIT_LOC_STRINGS = YES;
				SWIFT_VERSION = 5.0;
				TARGETED_DEVICE_FAMILY = "1,2";
			};
			name = Release;
		};
		9929533C2A6C17D400AB8AF3 /* Debug */ = {
			isa = XCBuildConfiguration;
			buildSettings = {
				ALWAYS_EMBED_SWIFT_STANDARD_LIBRARIES = YES;
				BUNDLE_LOADER = "$(TEST_HOST)";
				CODE_SIGN_STYLE = Automatic;
				CURRENT_PROJECT_VERSION = 1;
				GENERATE_INFOPLIST_FILE = YES;
				IPHONEOS_DEPLOYMENT_TARGET = 16.4;
				MACOSX_DEPLOYMENT_TARGET = 13.3;
				MARKETING_VERSION = 1.0;
				PRODUCT_BUNDLE_IDENTIFIER = "cdreetz.sand-talkTests";
				PRODUCT_NAME = "$(TARGET_NAME)";
				SDKROOT = auto;
				SUPPORTED_PLATFORMS = "iphoneos iphonesimulator macosx";
				SWIFT_EMIT_LOC_STRINGS = NO;
				SWIFT_VERSION = 5.0;
				TARGETED_DEVICE_FAMILY = "1,2";
				TEST_HOST = "$(BUILT_PRODUCTS_DIR)/sand_talk.app/$(BUNDLE_EXECUTABLE_FOLDER_PATH)/sand_talk";
			};
			name = Debug;
		};
		9929533D2A6C17D400AB8AF3 /* Release */ = {
			isa = XCBuildConfiguration;
			buildSettings = {
				ALWAYS_EMBED_SWIFT_STANDARD_LIBRARIES = YES;
				BUNDLE_LOADER = "$(TEST_HOST)";
				CODE_SIGN_STYLE = Automatic;
				CURRENT_PROJECT_VERSION = 1;
				GENERATE_INFOPLIST_FILE = YES;
				IPHONEOS_DEPLOYMENT_TARGET = 16.4;
				MACOSX_DEPLOYMENT_TARGET = 13.3;
				MARKETING_VERSION = 1.0;
				PRODUCT_BUNDLE_IDENTIFIER = "cdreetz.sand-talkTests";
				PRODUCT_NAME = "$(TARGET_NAME)";
				SDKROOT = auto;
				SUPPORTED_PLATFORMS = "iphoneos iphonesimulator macosx";
				SWIFT_EMIT_LOC_STRINGS = NO;
				SWIFT_VERSION = 5.0;
				TARGETED_DEVICE_FAMILY = "1,2";
				TEST_HOST = "$(BUILT_PRODUCTS_DIR)/sand_talk.app/$(BUNDLE_EXECUTABLE_FOLDER_PATH)/sand_talk";
			};
			name = Release;
		};
		9929533F2A6C17D400AB8AF3 /* Debug */ = {
			isa = XCBuildConfiguration;
			buildSettings = {
				ALWAYS_EMBED_SWIFT_STANDARD_LIBRARIES = YES;
				CODE_SIGN_STYLE = Automatic;
				CURRENT_PROJECT_VERSION = 1;
				GENERATE_INFOPLIST_FILE = YES;
				IPHONEOS_DEPLOYMENT_TARGET = 16.4;
				MACOSX_DEPLOYMENT_TARGET = 13.3;
				MARKETING_VERSION = 1.0;
				PRODUCT_BUNDLE_IDENTIFIER = "cdreetz.sand-talkUITests";
				PRODUCT_NAME = "$(TARGET_NAME)";
				SDKROOT = auto;
				SUPPORTED_PLATFORMS = "iphoneos iphonesimulator macosx";
				SWIFT_EMIT_LOC_STRINGS = NO;
				SWIFT_VERSION = 5.0;
				TARGETED_DEVICE_FAMILY = "1,2";
				TEST_TARGET_NAME = sand_talk;
			};
			name = Debug;
		};
		992953402A6C17D400AB8AF3 /* Release */ = {
			isa = XCBuildConfiguration;
			buildSettings = {
				ALWAYS_EMBED_SWIFT_STANDARD_LIBRARIES = YES;
				CODE_SIGN_STYLE = Automatic;
				CURRENT_PROJECT_VERSION = 1;
				GENERATE_INFOPLIST_FILE = YES;
				IPHONEOS_DEPLOYMENT_TARGET = 16.4;
				MACOSX_DEPLOYMENT_TARGET = 13.3;
				MARKETING_VERSION = 1.0;
				PRODUCT_BUNDLE_IDENTIFIER = "cdreetz.sand-talkUITests";
				PRODUCT_NAME = "$(TARGET_NAME)";
				SDKROOT = auto;
				SUPPORTED_PLATFORMS = "iphoneos iphonesimulator macosx";
				SWIFT_EMIT_LOC_STRINGS = NO;
				SWIFT_VERSION = 5.0;
				TARGETED_DEVICE_FAMILY = "1,2";
				TEST_TARGET_NAME = sand_talk;
			};
			name = Release;
		};
/* End XCBuildConfiguration section */

/* Begin XCConfigurationList section */
		9929530E2A6C17D200AB8AF3 /* Build configuration list for PBXProject "sand_talk" */ = {
			isa = XCConfigurationList;
			buildConfigurations = (
				992953362A6C17D400AB8AF3 /* Debug */,
				992953372A6C17D400AB8AF3 /* Release */,
			);
			defaultConfigurationIsVisible = 0;
			defaultConfigurationName = Release;
		};
		992953382A6C17D400AB8AF3 /* Build configuration list for PBXNativeTarget "sand_talk" */ = {
			isa = XCConfigurationList;
			buildConfigurations = (
				992953392A6C17D400AB8AF3 /* Debug */,
				9929533A2A6C17D400AB8AF3 /* Release */,
			);
			defaultConfigurationIsVisible = 0;
			defaultConfigurationName = Release;
		};
		9929533B2A6C17D400AB8AF3 /* Build configuration list for PBXNativeTarget "sand_talkTests" */ = {
			isa = XCConfigurationList;
			buildConfigurations = (
				9929533C2A6C17D400AB8AF3 /* Debug */,
				9929533D2A6C17D400AB8AF3 /* Release */,
			);
			defaultConfigurationIsVisible = 0;
			defaultConfigurationName = Release;
		};
		9929533E2A6C17D400AB8AF3 /* Build configuration list for PBXNativeTarget "sand_talkUITests" */ = {
			isa = XCConfigurationList;
			buildConfigurations = (
				9929533F2A6C17D400AB8AF3 /* Debug */,
				992953402A6C17D400AB8AF3 /* Release */,
			);
			defaultConfigurationIsVisible = 0;
			defaultConfigurationName = Release;
		};
/* End XCConfigurationList section */
	};
	rootObject = 9929530B2A6C17D200AB8AF3 /* Project object */;
}
